Microsoft Visual Studio Solution File, Format Version 12.00
# Visual Studio Version 17
VisualStudioVersion = 17.0.31903.59
MinimumVisualStudioVersion = 10.0.40219.1
Project("{FAE04EC0-301F-11D3-BF4B-00C04F79EFBC}") = "ErikasLab.Engine", "src\ErikasLab.Engine\ErikasLab.Engine.csproj", "{D1C30EB2-7D1A-4E92-8AF4-6C0C4A0CBB01}"
EndProject
Project("{FAE04EC0-301F-11D3-BF4B-00C04F79EFBC}") = "ErikasLab.Game", "src\ErikasLab.Game\ErikasLab.Game.csproj", "{E9AA4955-5A6B-41FC-A675-B49DB14A8D0B}"
EndProject
Project("{FAE04EC0-301F-11D3-BF4B-00C04F79EFBC}") = "ErikasLab.Platform.MonoGame", "src\ErikasLab.Platform.MonoGame\ErikasLab.Platform.MonoGame.csproj", "{A2DE6A2A-15C1-4A4C-BE9E-2B0E0C63C9F9}"
EndProject
Project("{FAE04EC0-301F-11D3-BF4B-00C04F79EFBC}") = "ErikasLab.Engine.Tests", "src\ErikasLab.Engine.Tests\ErikasLab.Engine.Tests.csproj", "{398CF596-DB0F-42F7-84F9-178EBF40B936}"
EndProject
Project("{FAE04EC0-301F-11D3-BF4B-00C04F79EFBC}") = "ErikasLab.Content.Pipeline", "src\ErikasLab.Content.Pipeline\ErikasLab.Content.Pipeline.csproj", "{7C3A9B2E-4F1A-4E8B-9C2D-5A6E7F8B9C0D}"
EndProject
Global
	GlobalSection(SolutionConfigurationPlatforms) = preSolution
		Debug|Any CPU = Debug|Any CPU
		Release|Any CPU = Release|Any CPU
	EndGlobalSection
	GlobalSection(ProjectConfigurationPlatforms) = postSolution
		{D1C30EB2-7D1A-4E92-8AF4-6C0C4A0CBB01}.Debug|Any CPU.ActiveCfg = Debug|Any CPU
		{D1C30EB2-7D1A-4E92-8AF4-6C0C4A0CBB01}.Debug|Any CPU.Build.0 = Debug|Any CPU
		{D1C30EB2-7D1A-4E92-8AF4-6C0C4A0CBB01}.Release|Any CPU.ActiveCfg = Release|Any CPU
		{D1C30EB2-7D1A-4E92-8AF4-6C0C4A0CBB01}.Release|Any CPU.Build.0 = Release|Any CPU
		{E9AA4955-5A6B-41FC-A675-B49DB14A8D0B}.Debug|Any CPU.ActiveCfg = Debug|Any CPU
		{E9AA4955-5A6B-41FC-A675-B49DB14A8D0B}.Debug|Any CPU.Build.0 = Debug|Any CPU
		{E9AA4955-5A6B-41FC-A675-B49DB14A8D0B}.Release|Any CPU.ActiveCfg = Release|Any CPU
		{E9AA4955-5A6B-41FC-A675-B49DB14A8D0B}.Release|Any CPU.Build.0 = Release|Any CPU
		{A2DE6A2A-15C1-4A4C-BE9E-2B0E0C63C9F9}.Debug|Any CPU.ActiveCfg = Debug|Any CPU
		{A2DE6A2A-15C1-4A4C-BE9E-2B0E0C63C9F9}.Debug|Any CPU.Build.0 = Debug|Any CPU
		{A2DE6A2A-15C1-4A4C-BE9E-2B0E0C63C9F9}.Release|Any CPU.ActiveCfg = Release|Any CPU
		{A2DE6A2A-15C1-4A4C-BE9E-2B0E0C63C9F9}.Release|Any CPU.Build.0 = Release|Any CPU
		{398CF596-DB0F-42F7-84F9-178EBF40B936}.Debug|Any CPU.ActiveCfg = Debug|Any CPU
		{398CF596-DB0F-42F7-84F9-178EBF40B936}.Debug|Any CPU.Build.0 = Debug|Any CPU
		{398CF596-DB0F-42F7-84F9-178EBF40B936}.Release|Any CPU.ActiveCfg = Release|Any CPU
		{398CF596-DB0F-42F7-84F9-178EBF40B936}.Release|Any CPU.Build.0 = Release|Any CPU
		{7C3A9B2E-4F1A-4E8B-9C2D-5A6E7F8B9C0D}.Debug|Any CPU.ActiveCfg = Debug|Any CPU
		{7C3A9B2E-4F1A-4E8B-9C2D-5A6E7F8B9C0D}.Debug|Any CPU.Build.0 = Debug|Any CPU
		{7C3A9B2E-4F1A-4E8B-9C2D-5A6E7F8B9C0D}.Release|Any CPU.ActiveCfg = Release|Any CPU
		{7C3A9B2E-4F1A-4E8B-9C2D-5A6E7F8B9C0D}.Release|Any CPU.Build.0 = Release|Any CPU
	EndGlobalSection
	GlobalSection(SolutionProperties) = preSolution
		HideSolutionNode = FALSE
	EndGlobalSection
EndGlobal
